
Microsoft Visual Studio Solution File, Format Version 12.00
# Visual Studio Version 17
VisualStudioVersion = 17.11.35219.272
MinimumVisualStudioVersion = 10.0.40219.1
Project("{FAE04EC0-301F-11D3-BF4B-00C04F79EFBC}") = "RunningTracker.API", "RunningTracker.API\RunningTracker.API.csproj", "{6E6F9E1B-0A7D-4F85-9258-7B5980E96DF4}"
EndProject
Project("{FAE04EC0-301F-11D3-BF4B-00C04F79EFBC}") = "RunningTracker.Domain", "RunningTracker.Domain\RunningTracker.Domain.csproj", "{E69E0A62-CD3F-45CF-92D9-2E9A0C4EC35A}"
EndProject
Project("{FAE04EC0-301F-11D3-BF4B-00C04F79EFBC}") = "RunningTracker.Application", "RunningTracker.Application\RunningTracker.Application.csproj", "{F29807D1-BEFE-414D-A218-2B609CCCE5A3}"
EndProject
Project("{FAE04EC0-301F-11D3-BF4B-00C04F79EFBC}") = "RunningTracker.Infrastructure", "RunningTracker.Infrastructure\RunningTracker.Infrastructure.csproj", "{49BB0F7B-808D-402C-8EAC-2798FE5D29E1}"
EndProject
Project("{FAE04EC0-301F-11D3-BF4B-00C04F79EFBC}") = "RunningTracker.Tests", "RunningTracker.Tests\RunningTracker.Tests.csproj", "{BC51CAD4-A50F-42B1-ABD9-FE21F9346CF3}"
EndProject
Global
	GlobalSection(SolutionConfigurationPlatforms) = preSolution
		Debug|Any CPU = Debug|Any CPU
		Release|Any CPU = Release|Any CPU
	EndGlobalSection
	GlobalSection(ProjectConfigurationPlatforms) = postSolution
		{6E6F9E1B-0A7D-4F85-9258-7B5980E96DF4}.Debug|Any CPU.ActiveCfg = Debug|Any CPU
		{6E6F9E1B-0A7D-4F85-9258-7B5980E96DF4}.Debug|Any CPU.Build.0 = Debug|Any CPU
		{6E6F9E1B-0A7D-4F85-9258-7B5980E96DF4}.Release|Any CPU.ActiveCfg = Release|Any CPU
		{6E6F9E1B-0A7D-4F85-9258-7B5980E96DF4}.Release|Any CPU.Build.0 = Release|Any CPU
		{E69E0A62-CD3F-45CF-92D9-2E9A0C4EC35A}.Debug|Any CPU.ActiveCfg = Debug|Any CPU
		{E69E0A62-CD3F-45CF-92D9-2E9A0C4EC35A}.Debug|Any CPU.Build.0 = Debug|Any CPU
		{E69E0A62-CD3F-45CF-92D9-2E9A0C4EC35A}.Release|Any CPU.ActiveCfg = Release|Any CPU
		{E69E0A62-CD3F-45CF-92D9-2E9A0C4EC35A}.Release|Any CPU.Build.0 = Release|Any CPU
		{F29807D1-BEFE-414D-A218-2B609CCCE5A3}.Debug|Any CPU.ActiveCfg = Debug|Any CPU
		{F29807D1-BEFE-414D-A218-2B609CCCE5A3}.Debug|Any CPU.Build.0 = Debug|Any CPU
		{F29807D1-BEFE-414D-A218-2B609CCCE5A3}.Release|Any CPU.ActiveCfg = Release|Any CPU
		{F29807D1-BEFE-414D-A218-2B609CCCE5A3}.Release|Any CPU.Build.0 = Release|Any CPU
		{49BB0F7B-808D-402C-8EAC-2798FE5D29E1}.Debug|Any CPU.ActiveCfg = Debug|Any CPU
		{49BB0F7B-808D-402C-8EAC-2798FE5D29E1}.Debug|Any CPU.Build.0 = Debug|Any CPU
		{49BB0F7B-808D-402C-8EAC-2798FE5D29E1}.Release|Any CPU.ActiveCfg = Release|Any CPU
		{49BB0F7B-808D-402C-8EAC-2798FE5D29E1}.Release|Any CPU.Build.0 = Release|Any CPU
		{BC51CAD4-A50F-42B1-ABD9-FE21F9346CF3}.Debug|Any CPU.ActiveCfg = Debug|Any CPU
		{BC51CAD4-A50F-42B1-ABD9-FE21F9346CF3}.Debug|Any CPU.Build.0 = Debug|Any CPU
		{BC51CAD4-A50F-42B1-ABD9-FE21F9346CF3}.Release|Any CPU.ActiveCfg = Release|Any CPU
		{BC51CAD4-A50F-42B1-ABD9-FE21F9346CF3}.Release|Any CPU.Build.0 = Release|Any CPU
	EndGlobalSection
	GlobalSection(SolutionProperties) = preSolution
		HideSolutionNode = FALSE
	EndGlobalSection
	GlobalSection(ExtensibilityGlobals) = postSolution
		SolutionGuid = {94F8B53B-7D07-4DA4-A599-E039565893F9}
	EndGlobalSection
EndGlobal
